version = 1
revision = 5
requires-python = ">=3.14"

[[package]]
name = "colorama"
version = "0.4.6"
source = { registry = "https://pypi.org/simple" }
sdist = { url = "https://files.pythonhosted.org/packages/d8/53/6f443c9a4a8358a93a6792e2acffb9d9d5cb0a5cfd8802644b7b1c9a02e4/colorama-0.4.6.tar.gz", hash = "sha256:08695f5cb7ed6e0531a20572697297273c47b8cae5a63ffc6d6ed5c201be6e44", size = 27697, upload-time = "2022-10-25T02:36:22.414Z" }
wheels = [
    { url = "https://files.pythonhosted.org/packages/d1/d6/3965ed04c63042e047cb6a3e6ed1a63a35087b6a609aa3a15ed8ac56c221/colorama-0.4.6-py2.py3-none-any.whl", hash = "sha256:4f1d9991f5acc0ca119f9d443620b77f9d6b33703e51011c16baf57afb285fc6", size = 25335, upload-time = "2022-10-25T02:36:20.889Z" },
]

[[package]]
name = "mutagen"
version = "1.48.1"
source = { registry = "https://pypi.org/simple" }
sdist = { url = "https://files.pythonhosted.org/packages/df/70/1675da133ea92227da41bf5b24e1c66be597ff736a1533ade41da986852f/mutagen-1.48.1.tar.gz", hash = "sha256:8f95637ab9f6f305cec6bd1294e197debe207998e3e068596563c74f86b0a173", size = 1276978, upload-time = "2026-06-25T09:47:32.443Z" }
wheels = [
    { url = "https://files.pythonhosted.org/packages/47/d8/a29e4e3991765e7ce4ed1f7e4074fe1ba9da03e0048639734de60f9cadb9/mutagen-1.48.1-py3-none-any.whl", hash = "sha256:4f077fe87d3fc7fba259aa63d8c026b18382ca6a42ef37c61e16f1b1b5b82fe7", size = 195706, upload-time = "2026-06-25T09:47:30.296Z" },
]

[[package]]
name = "scripts"
version = "0.1.0"
source = { editable = "." }
dependencies = [
    { name = "mutagen" },
    { name = "tqdm" },
]

[package.metadata]
requires-dist = [
    { name = "mutagen", specifier = ">=1.48.1" },
    { name = "tqdm", specifier = ">=4.70.1" },
]

[[package]]
name = "tqdm"
version = "4.70.1"
source = { registry = "https://pypi.org/simple" }
dependencies = [
    { name = "colorama", marker = "sys_platform == 'win32'" },
]
sdist = { url = "https://files.pythonhosted.org/packages/0d/ea/b2a5bd54b28a324dae8211928b2d730b6547500342c7e6c6dea08bd0a485/tqdm-4.70.1.tar.gz", hash = "sha256:cefd0eca11b2a37a3aee776544d4f4ae913f02688135b5556b8788dfa474afc4", size = 171846, upload-time = "2026-09-11T07:25:16.601Z" }
wheels = [
    { url = "https://files.pythonhosted.org/packages/a7/03/921a3d3c75785aca9ebfbfcabfbc3a1be12e2ab5265deb026d55a5a3f83e/tqdm-4.70.1-py3-none-any.whl", hash = "sha256:c293e525e6fef9c20e8728fd4612df02a0aa31bb5fe91ecd93e123b1b7bffa73", size = 80199, upload-time = "2026-09-11T07:25:14.599Z" },
]
